Microsoft Visual Studio Solution File, Format Version 11.00
# Visual Studio 2008

Project("{148A61BC-7560-84C8-4455-8D2FB156B7C3}") = "Game1-hMaier", "Assembly-CSharp.csproj", "{BD53B728-2C5B-9B04-2A90-BF199997DE2C}"
EndProject
Global
	GlobalSection(SolutionConfigurationPlatforms) = preSolution
		Debug|Any CPU = Debug|Any CPU
		Release|Any CPU = Release|Any CPU
	EndGlobalSection
	GlobalSection(ProjectConfigurationPlatforms) = postSolution
		{BD53B728-2C5B-9B04-2A90-BF199997DE2C}.Debug|Any CPU.ActiveCfg = Debug|Any CPU
		{BD53B728-2C5B-9B04-2A90-BF199997DE2C}.Debug|Any CPU.Build.0 = Debug|Any CPU
		{BD53B728-2C5B-9B04-2A90-BF199997DE2C}.Release|Any CPU.ActiveCfg = Release|Any CPU
		{BD53B728-2C5B-9B04-2A90-BF199997DE2C}.Release|Any CPU.Build.0 = Release|Any CPU
	EndGlobalSection
	GlobalSection(SolutionProperties) = preSolution
		HideSolutionNode = FALSE
	EndGlobalSection
	GlobalSection(MonoDevelopProperties) = preSolution
		StartupItem = Assembly-CSharp.csproj
	EndGlobalSection
EndGlobal
