Microsoft Visual Studio Solution File, Format Version 11.00
# Visual Studio 2008

Project("{D812F906-3234-7F47-3502-DB4BE6B7EB76}") = "U- Game1-hMaier", "Assembly-CSharp.csproj", "{D92064D6-F3EC-9E49-49E1-B282AEFC6A27}"
EndProject
Global
	GlobalSection(SolutionConfigurationPlatforms) = preSolution
		Debug|Any CPU = Debug|Any CPU
		Release|Any CPU = Release|Any CPU
	EndGlobalSection
	GlobalSection(ProjectConfigurationPlatforms) = postSolution
		{D92064D6-F3EC-9E49-49E1-B282AEFC6A27}.Debug|Any CPU.ActiveCfg = Debug|Any CPU
		{D92064D6-F3EC-9E49-49E1-B282AEFC6A27}.Debug|Any CPU.Build.0 = Debug|Any CPU
		{D92064D6-F3EC-9E49-49E1-B282AEFC6A27}.Release|Any CPU.ActiveCfg = Release|Any CPU
		{D92064D6-F3EC-9E49-49E1-B282AEFC6A27}.Release|Any CPU.Build.0 = Release|Any CPU
	EndGlobalSection
	GlobalSection(SolutionProperties) = preSolution
		HideSolutionNode = FALSE
	EndGlobalSection
	GlobalSection(MonoDevelopProperties) = preSolution
		StartupItem = Assembly-CSharp.csproj
	EndGlobalSection
EndGlobal
