Microsoft Visual Studio Solution File, Format Version 11.00
# Visual Studio 2008

Project("{8742BB52-195F-699F-934D-F5DBBB2E3388}") = "hmaier game 2", "Assembly-CSharp.csproj", "{6A51C8FE-E6F3-AEF9-BA7F-C137CB3FEBB1}"
EndProject
Global
	GlobalSection(SolutionConfigurationPlatforms) = preSolution
		Debug|Any CPU = Debug|Any CPU
		Release|Any CPU = Release|Any CPU
	EndGlobalSection
	GlobalSection(ProjectConfigurationPlatforms) = postSolution
		{6A51C8FE-E6F3-AEF9-BA7F-C137CB3FEBB1}.Debug|Any CPU.ActiveCfg = Debug|Any CPU
		{6A51C8FE-E6F3-AEF9-BA7F-C137CB3FEBB1}.Debug|Any CPU.Build.0 = Debug|Any CPU
		{6A51C8FE-E6F3-AEF9-BA7F-C137CB3FEBB1}.Release|Any CPU.ActiveCfg = Release|Any CPU
		{6A51C8FE-E6F3-AEF9-BA7F-C137CB3FEBB1}.Release|Any CPU.Build.0 = Release|Any CPU
	EndGlobalSection
	GlobalSection(SolutionProperties) = preSolution
		HideSolutionNode = FALSE
	EndGlobalSection
	GlobalSection(MonoDevelopProperties) = preSolution
		StartupItem = Assembly-CSharp.csproj
	EndGlobalSection
EndGlobal
