Microsoft Visual Studio Solution File, Format Version 11.00
# Visual Studio 2008

Project("{C518796D-6959-FE41-33B4-D9E65FBA0938}") = "U - FrameRate", "Assembly-CSharp.csproj", "{06CEB3FA-B153-52A6-A11B-A1ECDF62CA61}"
EndProject
Global
	GlobalSection(SolutionConfigurationPlatforms) = preSolution
		Debug|Any CPU = Debug|Any CPU
		Release|Any CPU = Release|Any CPU
	EndGlobalSection
	GlobalSection(ProjectConfigurationPlatforms) = postSolution
		{06CEB3FA-B153-52A6-A11B-A1ECDF62CA61}.Debug|Any CPU.ActiveCfg = Debug|Any CPU
		{06CEB3FA-B153-52A6-A11B-A1ECDF62CA61}.Debug|Any CPU.Build.0 = Debug|Any CPU
		{06CEB3FA-B153-52A6-A11B-A1ECDF62CA61}.Release|Any CPU.ActiveCfg = Release|Any CPU
		{06CEB3FA-B153-52A6-A11B-A1ECDF62CA61}.Release|Any CPU.Build.0 = Release|Any CPU
	EndGlobalSection
	GlobalSection(SolutionProperties) = preSolution
		HideSolutionNode = FALSE
	EndGlobalSection
	GlobalSection(MonoDevelopProperties) = preSolution
		StartupItem = Assembly-CSharp.csproj
	EndGlobalSection
EndGlobal
